
Microsoft Visual Studio Solution File, Format Version 12.00
# Visual Studio Version 17
VisualStudioVersion = 17.7.34024.191
MinimumVisualStudioVersion = 10.0.40219.1
Project("{FAE04EC0-301F-11D3-BF4B-00C04F79EFBC}") = "proga_7_ssh_3sem", "proga_7_ssh_3sem\proga_7_ssh_3sem.csproj", "{AA1FBD7D-19BA-4C00-A95D-ED2203588178}"
EndProject
Global
	GlobalSection(SolutionConfigurationPlatforms) = preSolution
		Debug|Any CPU = Debug|Any CPU
		Release|Any CPU = Release|Any CPU
	EndGlobalSection
	GlobalSection(ProjectConfigurationPlatforms) = postSolution
		{AA1FBD7D-19BA-4C00-A95D-ED2203588178}.Debug|Any CPU.ActiveCfg = Debug|Any CPU
		{AA1FBD7D-19BA-4C00-A95D-ED2203588178}.Debug|Any CPU.Build.0 = Debug|Any CPU
		{AA1FBD7D-19BA-4C00-A95D-ED2203588178}.Release|Any CPU.ActiveCfg = Release|Any CPU
		{AA1FBD7D-19BA-4C00-A95D-ED2203588178}.Release|Any CPU.Build.0 = Release|Any CPU
	EndGlobalSection
	GlobalSection(SolutionProperties) = preSolution
		HideSolutionNode = FALSE
	EndGlobalSection
	GlobalSection(ExtensibilityGlobals) = postSolution
		SolutionGuid = {9F1F18FA-4EC1-43A2-98BB-9F4322C51C34}
	EndGlobalSection
EndGlobal
